// !$*UTF8*$!
{
	archiveVersion = 1;
	classes = {
	};
	objectVersion = 56;
	objects = {

/* Begin PBXBuildFile section */
		FC1889AC299E449D00DC09BD /* AppDelegate.swift in Sources */ = {isa = PBXBuildFile; fileRef = FC1889AB299E449D00DC09BD /* AppDelegate.swift */; };
		FC1889AE299E449D00DC09BD /* SceneDelegate.swift in Sources */ = {isa = PBXBuildFile; fileRef = FC1889AD299E449D00DC09BD /* SceneDelegate.swift */; };
		FC1889B0299E449D00DC09BD /* ViewController.swift in Sources */ = {isa = PBXBuildFile; fileRef = FC1889AF299E449D00DC09BD /* ViewController.swift */; };
		FC1889B3299E449D00DC09BD /* Main.storyboard in Resources */ = {isa = PBXBuildFile; fileRef = FC1889B1299E449D00DC09BD /* Main.storyboard */; };
		FC1889B5299E449E00DC09BD /* Assets.xcassets in Resources */ = {isa = PBXBuildFile; fileRef = FC1889B4299E449E00DC09BD /* Assets.xcassets */; };
		FC1889B8299E449E00DC09BD /* LaunchScreen.storyboard in Resources */ = {isa = PBXBuildFile; fileRef = FC1889B6299E449E00DC09BD /* LaunchScreen.storyboard */; };
		FC1889C3299E449E00DC09BD /* I_Am_a_DeveloperTests.swift in Sources */ = {isa = PBXBuildFile; fileRef = FC1889C2299E449E00DC09BD /* I_Am_a_DeveloperTests.swift */; };
		FC1889CD299E449E00DC09BD /* I_Am_a_DeveloperUITests.swift in Sources */ = {isa = PBXBuildFile; fileRef = FC1889CC299E449E00DC09BD /* I_Am_a_DeveloperUITests.swift */; };
		FC1889CF299E449E00DC09BD /* I_Am_a_DeveloperUITestsLaunchTests.swift in Sources */ = {isa = PBXBuildFile; fileRef = FC1889CE299E449E00DC09BD /* I_Am_a_DeveloperUITestsLaunchTests.swift */; };
/* End PBXBuildFile section */

/* Begin PBXContainerItemProxy section */
		FC1889BF299E449E00DC09BD /* PBXContainerItemProxy */ = {
			isa = PBXContainerItemProxy;
			containerPortal = FC1889A0299E449D00DC09BD /* Project object */;
			proxyType = 1;
			remoteGlobalIDString = FC1889A7299E449D00DC09BD;
			remoteInfo = "I Am a Developer";
		};
		FC1889C9299E449E00DC09BD /* PBXContainerItemProxy */ = {
			isa = PBXContainerItemProxy;
			containerPortal = FC1889A0299E449D00DC09BD /* Project object */;
			proxyType = 1;
			remoteGlobalIDString = FC1889A7299E449D00DC09BD;
			remoteInfo = "I Am a Developer";
		};
/* End PBXContainerItemProxy section */

/* Begin PBXFileReference section */
		FC1889A8299E449D00DC09BD /* I Am a Developer.app */ = {isa = PBXFileReference; explicitFileType = wrapper.application; includeInIndex = 0; path = "I Am a Developer.app"; sourceTree = BUILT_PRODUCTS_DIR; };
		FC1889AB299E449D00DC09BD /* AppDelegate.swift */ = {isa = PBXFileReference; lastKnownFileType = sourcecode.swift; path = AppDelegate.swift; sourceTree = "<group>"; };
		FC1889AD299E449D00DC09BD /* SceneDelegate.swift */ = {isa = PBXFileReference; lastKnownFileType = sourcecode.swift; path = SceneDelegate.swift; sourceTree = "<group>"; };
		FC1889AF299E449D00DC09BD /* ViewController.swift */ = {isa = PBXFileReference; lastKnownFileType = sourcecode.swift; path = ViewController.swift; sourceTree = "<group>"; };
		FC1889B2299E449D00DC09BD /* Base */ = {isa = PBXFileReference; lastKnownFileType = file.storyboard; name = Base; path = Base.lproj/Main.storyboard; sourceTree = "<group>"; };
		FC1889B4299E449E00DC09BD /* Assets.xcassets */ = {isa = PBXFileReference; lastKnownFileType = folder.assetcatalog; path = Assets.xcassets; sourceTree = "<group>"; };
		FC1889B7299E449E00DC09BD /* Base */ = {isa = PBXFileReference; lastKnownFileType = file.storyboard; name = Base; path = Base.lproj/LaunchScreen.storyboard; sourceTree = "<group>"; };
		FC1889B9299E449E00DC09BD /* Info.plist */ = {isa = PBXFileReference; lastKnownFileType = text.plist.xml; path = Info.plist; sourceTree = "<group>"; };
		FC1889BE299E449E00DC09BD /* I Am a DeveloperTests.xctest */ = {isa = PBXFileReference; explicitFileType = wrapper.cfbundle; includeInIndex = 0; path = "I Am a DeveloperTests.xctest"; sourceTree = BUILT_PRODUCTS_DIR; };
		FC1889C2299E449E00DC09BD /* I_Am_a_DeveloperTests.swift */ = {isa = PBXFileReference; lastKnownFileType = sourcecode.swift; path = I_Am_a_DeveloperTests.swift; sourceTree = "<group>"; };
		FC1889C8299E449E00DC09BD /* I Am a DeveloperUITests.xctest */ = {isa = PBXFileReference; explicitFileType = wrapper.cfbundle; includeInIndex = 0; path = "I Am a DeveloperUITests.xctest"; sourceTree = BUILT_PRODUCTS_DIR; };
		FC1889CC299E449E00DC09BD /* I_Am_a_DeveloperUITests.swift */ = {isa = PBXFileReference; lastKnownFileType = sourcecode.swift; path = I_Am_a_DeveloperUITests.swift; sourceTree = "<group>"; };
		FC1889CE299E449E00DC09BD /* I_Am_a_DeveloperUITestsLaunchTests.swift */ = {isa = PBXFileReference; lastKnownFileType = sourcecode.swift; path = I_Am_a_DeveloperUITestsLaunchTests.swift; sourceTree = "<group>"; };
/* End PBXFileReference section */

/* Begin PBXFrameworksBuildPhase section */
		FC1889A5299E449D00DC09BD /* Frameworks */ = {
			isa = PBXFrameworksBuildPhase;
			buildActionMask = 2147483647;
			files = (
			);
			runOnlyForDeploymentPostprocessing = 0;
		};
		FC1889BB299E449E00DC09BD /* Frameworks */ = {
			isa = PBXFrameworksBuildPhase;
			buildActionMask = 2147483647;
			files = (
			);
			runOnlyForDeploymentPostprocessing = 0;
		};
		FC1889C5299E449E00DC09BD /* Frameworks */ = {
			isa = PBXFrameworksBuildPhase;
			buildActionMask = 2147483647;
			files = (
			);
			runOnlyForDeploymentPostprocessing = 0;
		};
/* End PBXFrameworksBuildPhase section */

/* Begin PBXGroup section */
		FC18899F299E449D00DC09BD = {
			isa = PBXGroup;
			children = (
				FC1889AA299E449D00DC09BD /* I Am a Developer */,
				FC1889C1299E449E00DC09BD /* I Am a DeveloperTests */,
				FC1889CB299E449E00DC09BD /* I Am a DeveloperUITests */,
				FC1889A9299E449D00DC09BD /* Products */,
			);
			sourceTree = "<group>";
		};
		FC1889A9299E449D00DC09BD /* Products */ = {
			isa = PBXGroup;
			children = (
				FC1889A8299E449D00DC09BD /* I Am a Developer.app */,
				FC1889BE299E449E00DC09BD /* I Am a DeveloperTests.xctest */,
				FC1889C8299E449E00DC09BD /* I Am a DeveloperUITests.xctest */,
			);
			name = Products;
			sourceTree = "<group>";
		};
		FC1889AA299E449D00DC09BD /* I Am a Developer */ = {
			isa = PBXGroup;
			children = (
				FC1889AB299E449D00DC09BD /* AppDelegate.swift */,
				FC1889AD299E449D00DC09BD /* SceneDelegate.swift */,
				FC1889AF299E449D00DC09BD /* ViewController.swift */,
				FC1889B1299E449D00DC09BD /* Main.storyboard */,
				FC1889B4299E449E00DC09BD /* Assets.xcassets */,
				FC1889B6299E449E00DC09BD /* LaunchScreen.storyboard */,
				FC1889B9299E449E00DC09BD /* Info.plist */,
			);
			path = "I Am a Developer";
			sourceTree = "<group>";
		};
		FC1889C1299E449E00DC09BD /* I Am a DeveloperTests */ = {
			isa = PBXGroup;
			children = (
				FC1889C2299E449E00DC09BD /* I_Am_a_DeveloperTests.swift */,
			);
			path = "I Am a DeveloperTests";
			sourceTree = "<group>";
		};
		FC1889CB299E449E00DC09BD /* I Am a DeveloperUITests */ = {
			isa = PBXGroup;
			children = (
				FC1889CC299E449E00DC09BD /* I_Am_a_DeveloperUITests.swift */,
				FC1889CE299E449E00DC09BD /* I_Am_a_DeveloperUITestsLaunchTests.swift */,
			);
			path = "I Am a DeveloperUITests";
			sourceTree = "<group>";
		};
/* End PBXGroup section */

/* Begin PBXNativeTarget section */
		FC1889A7299E449D00DC09BD /* I Am a Developer */ = {
			isa = PBXNativeTarget;
			buildConfigurationList = FC1889D2299E449E00DC09BD /* Build configuration list for PBXNativeTarget "I Am a Developer" */;
			buildPhases = (
				FC1889A4299E449D00DC09BD /* Sources */,
				FC1889A5299E449D00DC09BD /* Frameworks */,
				FC1889A6299E449D00DC09BD /* Resources */,
			);
			buildRules = (
			);
			dependencies = (
			);
			name = "I Am a Developer";
			productName = "I Am a Developer";
			productReference = FC1889A8299E449D00DC09BD /* I Am a Developer.app */;
			productType = "com.apple.product-type.application";
		};
		FC1889BD299E449E00DC09BD /* I Am a DeveloperTests */ = {
			isa = PBXNativeTarget;
			buildConfigurationList = FC1889D5299E449E00DC09BD /* Build configuration list for PBXNativeTarget "I Am a DeveloperTests" */;
			buildPhases = (
				FC1889BA299E449E00DC09BD /* Sources */,
				FC1889BB299E449E00DC09BD /* Frameworks */,
				FC1889BC299E449E00DC09BD /* Resources */,
			);
			buildRules = (
			);
			dependencies = (
				FC1889C0299E449E00DC09BD /* PBXTargetDependency */,
			);
			name = "I Am a DeveloperTests";
			productName = "I Am a DeveloperTests";
			productReference = FC1889BE299E449E00DC09BD /* I Am a DeveloperTests.xctest */;
			productType = "com.apple.product-type.bundle.unit-test";
		};
		FC1889C7299E449E00DC09BD /* I Am a DeveloperUITests */ = {
			isa = PBXNativeTarget;
			buildConfigurationList = FC1889D8299E449E00DC09BD /* Build configuration list for PBXNativeTarget "I Am a DeveloperUITests" */;
			buildPhases = (
				FC1889C4299E449E00DC09BD /* Sources */,
				FC1889C5299E449E00DC09BD /* Frameworks */,
				FC1889C6299E449E00DC09BD /* Resources */,
			);
			buildRules = (
			);
			dependencies = (
				FC1889CA299E449E00DC09BD /* PBXTargetDependency */,
			);
			name = "I Am a DeveloperUITests";
			productName = "I Am a DeveloperUITests";
			productReference = FC1889C8299E449E00DC09BD /* I Am a DeveloperUITests.xctest */;
			productType = "com.apple.product-type.bundle.ui-testing";
		};
/* End PBXNativeTarget section */

/* Begin PBXProject section */
		FC1889A0299E449D00DC09BD /* Project object */ = {
			isa = PBXProject;
			attributes = {
				BuildIndependentTargetsInParallel = 1;
				LastSwiftUpdateCheck = 1420;
				LastUpgradeCheck = 1420;
				TargetAttributes = {
					FC1889A7299E449D00DC09BD = {
						CreatedOnToolsVersion = 14.2;
					};
					FC1889BD299E449E00DC09BD = {
						CreatedOnToolsVersion = 14.2;
						TestTargetID = FC1889A7299E449D00DC09BD;
					};
					FC1889C7299E449E00DC09BD = {
						CreatedOnToolsVersion = 14.2;
						TestTargetID = FC1889A7299E449D00DC09BD;
					};
				};
			};
			buildConfigurationList = FC1889A3299E449D00DC09BD /* Build configuration list for PBXProject "I Am a Developer" */;
			compatibilityVersion = "Xcode 14.0";
			developmentRegion = en;
			hasScannedForEncodings = 0;
			knownRegions = (
				en,
				Base,
			);
			mainGroup = FC18899F299E449D00DC09BD;
			productRefGroup = FC1889A9299E449D00DC09BD /* Products */;
			projectDirPath = "";
			projectRoot = "";
			targets = (
				FC1889A7299E449D00DC09BD /* I Am a Developer */,
				FC1889BD299E449E00DC09BD /* I Am a DeveloperTests */,
				FC1889C7299E449E00DC09BD /* I Am a DeveloperUITests */,
			);
		};
/* End PBXProject section */

/* Begin PBXResourcesBuildPhase section */
		FC1889A6299E449D00DC09BD /* Resources */ = {
			isa = PBXResourcesBuildPhase;
			buildActionMask = 2147483647;
			files = (
				FC1889B8299E449E00DC09BD /* LaunchScreen.storyboard in Resources */,
				FC1889B5299E449E00DC09BD /* Assets.xcassets in Resources */,
				FC1889B3299E449D00DC09BD /* Main.storyboard in Resources */,
			);
			runOnlyForDeploymentPostprocessing = 0;
		};
		FC1889BC299E449E00DC09BD /* Resources */ = {
			isa = PBXResourcesBuildPhase;
			buildActionMask = 2147483647;
			files = (
			);
			runOnlyForDeploymentPostprocessing = 0;
		};
		FC1889C6299E449E00DC09BD /* Resources */ = {
			isa = PBXResourcesBuildPhase;
			buildActionMask = 2147483647;
			files = (
			);
			runOnlyForDeploymentPostprocessing = 0;
		};
/* End PBXResourcesBuildPhase section */

/* Begin PBXSourcesBuildPhase section */
		FC1889A4299E449D00DC09BD /* Sources */ = {
			isa = PBXSourcesBuildPhase;
			buildActionMask = 2147483647;
			files = (
				FC1889B0299E449D00DC09BD /* ViewController.swift in Sources */,
				FC1889AC299E449D00DC09BD /* AppDelegate.swift in Sources */,
				FC1889AE299E449D00DC09BD /* SceneDelegate.swift in Sources */,
			);
			runOnlyForDeploymentPostprocessing = 0;
		};
		FC1889BA299E449E00DC09BD /* Sources */ = {
			isa = PBXSourcesBuildPhase;
			buildActionMask = 2147483647;
			files = (
				FC1889C3299E449E00DC09BD /* I_Am_a_DeveloperTests.swift in Sources */,
			);
			runOnlyForDeploymentPostprocessing = 0;
		};
		FC1889C4299E449E00DC09BD /* Sources */ = {
			isa = PBXSourcesBuildPhase;
			buildActionMask = 2147483647;
			files = (
				FC1889CD299E449E00DC09BD /* I_Am_a_DeveloperUITests.swift in Sources */,
				FC1889CF299E449E00DC09BD /* I_Am_a_DeveloperUITestsLaunchTests.swift in Sources */,
			);
			runOnlyForDeploymentPostprocessing = 0;
		};
/* End PBXSourcesBuildPhase section */

/* Begin PBXTargetDependency section */
		FC1889C0299E449E00DC09BD /* PBXTargetDependency */ = {
			isa = PBXTargetDependency;
			target = FC1889A7299E449D00DC09BD /* I Am a Developer */;
			targetProxy = FC1889BF299E449E00DC09BD /* PBXContainerItemProxy */;
		};
		FC1889CA299E449E00DC09BD /* PBXTargetDependency */ = {
			isa = PBXTargetDependency;
			target = FC1889A7299E449D00DC09BD /* I Am a Developer */;
			targetProxy = FC1889C9299E449E00DC09BD /* PBXContainerItemProxy */;
		};
/* End PBXTargetDependency section */

/* Begin PBXVariantGroup section */
		FC1889B1299E449D00DC09BD /* Main.storyboard */ = {
			isa = PBXVariantGroup;
			children = (
				FC1889B2299E449D00DC09BD /* Base */,
			);
			name = Main.storyboard;
			sourceTree = "<group>";
		};
		FC1889B6299E449E00DC09BD /* LaunchScreen.storyboard */ = {
			isa = PBXVariantGroup;
			children = (
				FC1889B7299E449E00DC09BD /* Base */,
			);
			name = LaunchScreen.storyboard;
			sourceTree = "<group>";
		};
/* End PBXVariantGroup section */

/* Begin XCBuildConfiguration section */
		FC1889D0299E449E00DC09BD /* Debug */ = {
			isa = XCBuildConfiguration;
			buildSettings = {
				ALWAYS_SEARCH_USER_PATHS = NO;
				CLANG_ANALYZER_NONNULL = YES;
				CLANG_ANALYZER_NUMBER_OBJECT_CONVERSION = YES_AGGRESSIVE;
				CLANG_CXX_LANGUAGE_STANDARD = "gnu++20";
				CLANG_ENABLE_MODULES = YES;
				CLANG_ENABLE_OBJC_ARC = YES;
				CLANG_ENABLE_OBJC_WEAK = YES;
				CLANG_WARN_BLOCK_CAPTURE_AUTORELEASING = YES;
				CLANG_WARN_BOOL_CONVERSION = YES;
				CLANG_WARN_COMMA = YES;
				CLANG_WARN_CONSTANT_CONVERSION = YES;
				CLANG_WARN_DEPRECATED_OBJC_IMPLEMENTATIONS = YES;
				CLANG_WARN_DIRECT_OBJC_ISA_USAGE = YES_ERROR;
				CLANG_WARN_DOCUMENTATION_COMMENTS = YES;
				CLANG_WARN_EMPTY_BODY = YES;
				CLANG_WARN_ENUM_CONVERSION = YES;
				CLANG_WARN_INFINITE_RECURSION = YES;
				CLANG_WARN_INT_CONVERSION = YES;
				CLANG_WARN_NON_LITERAL_NULL_CONVERSION = YES;
				CLANG_WARN_OBJC_IMPLICIT_RETAIN_SELF = YES;
				CLANG_WARN_OBJC_LITERAL_CONVERSION = YES;
				CLANG_WARN_OBJC_ROOT_CLASS = YES_ERROR;
				CLANG_WARN_QUOTED_INCLUDE_IN_FRAMEWORK_HEADER = YES;
				CLANG_WARN_RANGE_LOOP_ANALYSIS = YES;
				CLANG_WARN_STRICT_PROTOTYPES = YES;
				CLANG_WARN_SUSPICIOUS_MOVE = YES;
				CLANG_WARN_UNGUARDED_AVAILABILITY = YES_AGGRESSIVE;
				CLANG_WARN_UNREACHABLE_CODE = YES;
				CLANG_WARN__DUPLICATE_METHOD_MATCH = YES;
				COPY_PHASE_STRIP = NO;
				DEBUG_INFORMATION_FORMAT = dwarf;
				ENABLE_STRICT_OBJC_MSGSEND = YES;
				ENABLE_TESTABILITY = YES;
				GCC_C_LANGUAGE_STANDARD = gnu11;
				GCC_DYNAMIC_NO_PIC = NO;
				GCC_NO_COMMON_BLOCKS = YES;
				GCC_OPTIMIZATION_LEVEL = 0;
				GCC_PREPROCESSOR_DEFINITIONS = (
					"DEBUG=1",
					"$(inherited)",
				);
				GCC_WARN_64_TO_32_BIT_CONVERSION = YES;
				GCC_WARN_ABOUT_RETURN_TYPE = YES_ERROR;
				GCC_WARN_UNDECLARED_SELECTOR = YES;
				GCC_WARN_UNINITIALIZED_AUTOS = YES_AGGRESSIVE;
				GCC_WARN_UNUSED_FUNCTION = YES;
				GCC_WARN_UNUSED_VARIABLE = YES;
				IPHONEOS_DEPLOYMENT_TARGET = 16.2;
				MTL_ENABLE_DEBUG_INFO = INCLUDE_SOURCE;
				MTL_FAST_MATH = YES;
				ONLY_ACTIVE_ARCH = YES;
				SDKROOT = iphoneos;
				SWIFT_ACTIVE_COMPILATION_CONDITIONS = DEBUG;
				SWIFT_OPTIMIZATION_LEVEL = "-Onone";
			};
			name = Debug;
		};
		FC1889D1299E449E00DC09BD /* Release */ = {
			isa = XCBuildConfiguration;
			buildSettings = {
				ALWAYS_SEARCH_USER_PATHS = NO;
				CLANG_ANALYZER_NONNULL = YES;
				CLANG_ANALYZER_NUMBER_OBJECT_CONVERSION = YES_AGGRESSIVE;
				CLANG_CXX_LANGUAGE_STANDARD = "gnu++20";
				CLANG_ENABLE_MODULES = YES;
				CLANG_ENABLE_OBJC_ARC = YES;
				CLANG_ENABLE_OBJC_WEAK = YES;
				CLANG_WARN_BLOCK_CAPTURE_AUTORELEASING = YES;
				CLANG_WARN_BOOL_CONVERSION = YES;
				CLANG_WARN_COMMA = YES;
				CLANG_WARN_CONSTANT_CONVERSION = YES;
				CLANG_WARN_DEPRECATED_OBJC_IMPLEMENTATIONS = YES;
				CLANG_WARN_DIRECT_OBJC_ISA_USAGE = YES_ERROR;
				CLANG_WARN_DOCUMENTATION_COMMENTS = YES;
				CLANG_WARN_EMPTY_BODY = YES;
				CLANG_WARN_ENUM_CONVERSION = YES;
				CLANG_WARN_INFINITE_RECURSION = YES;
				CLANG_WARN_INT_CONVERSION = YES;
				CLANG_WARN_NON_LITERAL_NULL_CONVERSION = YES;
				CLANG_WARN_OBJC_IMPLICIT_RETAIN_SELF = YES;
				CLANG_WARN_OBJC_LITERAL_CONVERSION = YES;
				CLANG_WARN_OBJC_ROOT_CLASS = YES_ERROR;
				CLANG_WARN_QUOTED_INCLUDE_IN_FRAMEWORK_HEADER = YES;
				CLANG_WARN_RANGE_LOOP_ANALYSIS = YES;
				CLANG_WARN_STRICT_PROTOTYPES = YES;
				CLANG_WARN_SUSPICIOUS_MOVE = YES;
				CLANG_WARN_UNGUARDED_AVAILABILITY = YES_AGGRESSIVE;
				CLANG_WARN_UNREACHABLE_CODE = YES;
				CLANG_WARN__DUPLICATE_METHOD_MATCH = YES;
				COPY_PHASE_STRIP = NO;
				DEBUG_INFORMATION_FORMAT = "dwarf-with-dsym";
				ENABLE_NS_ASSERTIONS = NO;
				ENABLE_STRICT_OBJC_MSGSEND = YES;
				GCC_C_LANGUAGE_STANDARD = gnu11;
				GCC_NO_COMMON_BLOCKS = YES;
				GCC_WARN_64_TO_32_BIT_CONVERSION = YES;
				GCC_WARN_ABOUT_RETURN_TYPE = YES_ERROR;
				GCC_WARN_UNDECLARED_SELECTOR = YES;
				GCC_WARN_UNINITIALIZED_AUTOS = YES_AGGRESSIVE;
				GCC_WARN_UNUSED_FUNCTION = YES;
				GCC_WARN_UNUSED_VARIABLE = YES;
				IPHONEOS_DEPLOYMENT_TARGET = 16.2;
				MTL_ENABLE_DEBUG_INFO = NO;
				MTL_FAST_MATH = YES;
				SDKROOT = iphoneos;
				SWIFT_COMPILATION_MODE = wholemodule;
				SWIFT_OPTIMIZATION_LEVEL = "-O";
				VALIDATE_PRODUCT = YES;
			};
			name = Release;
		};
		FC1889D3299E449E00DC09BD /* Debug */ = {
			isa = XCBuildConfiguration;
			buildSettings = {
				ASSETCATALOG_COMPILER_APPICON_NAME = AppIcon;
				ASSETCATALOG_COMPILER_GLOBAL_ACCENT_COLOR_NAME = AccentColor;
				CODE_SIGN_STYLE = Automatic;
				CURRENT_PROJECT_VERSION = 1;
				DEVELOPMENT_TEAM = WP2352X85G;
				GENERATE_INFOPLIST_FILE = YES;
				INFOPLIST_FILE = "I Am a Developer/Info.plist";
				INFOPLIST_KEY_UIApplicationSupportsIndirectInputEvents = YES;
				INFOPLIST_KEY_UILaunchStoryboardName = LaunchScreen;
				INFOPLIST_KEY_UIMainStoryboardFile = Main;
				INFOPLIST_KEY_UISupportedInterfaceOrientations_iPad = "UIInterfaceOrientationPortrait UIInterfaceOrientationPortraitUpsideDown UIInterfaceOrientationLandscapeLeft UIInterfaceOrientationLandscapeRight";
				INFOPLIST_KEY_UISupportedInterfaceOrientations_iPhone = "UIInterfaceOrientationPortrait UIInterfaceOrientationLandscapeLeft UIInterfaceOrientationLandscapeRight";
				LD_RUNPATH_SEARCH_PATHS = (
					"$(inherited)",
					"@executable_path/Frameworks",
				);
				MARKETING_VERSION = 1.0;
				PRODUCT_BUNDLE_IDENTIFIER = "com.colciv.I-Am-a-Developer";
				PRODUCT_NAME = "$(TARGET_NAME)";
				SWIFT_EMIT_LOC_STRINGS = YES;
				SWIFT_VERSION = 5.0;
				TARGETED_DEVICE_FAMILY = "1,2";
			};
			name = Debug;
		};
		FC1889D4299E449E00DC09BD /* Release */ = {
			isa = XCBuildConfiguration;
			buildSettings = {
				ASSETCATALOG_COMPILER_APPICON_NAME = AppIcon;
				ASSETCATALOG_COMPILER_GLOBAL_ACCENT_COLOR_NAME = AccentColor;
				CODE_SIGN_STYLE = Automatic;
				CURRENT_PROJECT_VERSION = 1;
				DEVELOPMENT_TEAM = WP2352X85G;
				GENERATE_INFOPLIST_FILE = YES;
				INFOPLIST_FILE = "I Am a Developer/Info.plist";
				INFOPLIST_KEY_UIApplicationSupportsIndirectInputEvents = YES;
				INFOPLIST_KEY_UILaunchStoryboardName = LaunchScreen;
				INFOPLIST_KEY_UIMainStoryboardFile = Main;
				INFOPLIST_KEY_UISupportedInterfaceOrientations_iPad = "UIInterfaceOrientationPortrait UIInterfaceOrientationPortraitUpsideDown UIInterfaceOrientationLandscapeLeft UIInterfaceOrientationLandscapeRight";
				INFOPLIST_KEY_UISupportedInterfaceOrientations_iPhone = "UIInterfaceOrientationPortrait UIInterfaceOrientationLandscapeLeft UIInterfaceOrientationLandscapeRight";
				LD_RUNPATH_SEARCH_PATHS = (
					"$(inherited)",
					"@executable_path/Frameworks",
				);
				MARKETING_VERSION = 1.0;
				PRODUCT_BUNDLE_IDENTIFIER = "com.colciv.I-Am-a-Developer";
				PRODUCT_NAME = "$(TARGET_NAME)";
				SWIFT_EMIT_LOC_STRINGS = YES;
				SWIFT_VERSION = 5.0;
				TARGETED_DEVICE_FAMILY = "1,2";
			};
			name = Release;
		};
		FC1889D6299E449E00DC09BD /* Debug */ = {
			isa = XCBuildConfiguration;
			buildSettings = {
				ALWAYS_EMBED_SWIFT_STANDARD_LIBRARIES = YES;
				BUNDLE_LOADER = "$(TEST_HOST)";
				CODE_SIGN_STYLE = Automatic;
				CURRENT_PROJECT_VERSION = 1;
				DEVELOPMENT_TEAM = WP2352X85G;
				GENERATE_INFOPLIST_FILE = YES;
				IPHONEOS_DEPLOYMENT_TARGET = 16.2;
				MARKETING_VERSION = 1.0;
				PRODUCT_BUNDLE_IDENTIFIER = "com.colciv.I-Am-a-DeveloperTests";
				PRODUCT_NAME = "$(TARGET_NAME)";
				SWIFT_EMIT_LOC_STRINGS = NO;
				SWIFT_VERSION = 5.0;
				TARGETED_DEVICE_FAMILY = "1,2";
				TEST_HOST = "$(BUILT_PRODUCTS_DIR)/I Am a Developer.app/$(BUNDLE_EXECUTABLE_FOLDER_PATH)/I Am a Developer";
			};
			name = Debug;
		};
		FC1889D7299E449E00DC09BD /* Release */ = {
			isa = XCBuildConfiguration;
			buildSettings = {
				ALWAYS_EMBED_SWIFT_STANDARD_LIBRARIES = YES;
				BUNDLE_LOADER = "$(TEST_HOST)";
				CODE_SIGN_STYLE = Automatic;
				CURRENT_PROJECT_VERSION = 1;
				DEVELOPMENT_TEAM = WP2352X85G;
				GENERATE_INFOPLIST_FILE = YES;
				IPHONEOS_DEPLOYMENT_TARGET = 16.2;
				MARKETING_VERSION = 1.0;
				PRODUCT_BUNDLE_IDENTIFIER = "com.colciv.I-Am-a-DeveloperTests";
				PRODUCT_NAME = "$(TARGET_NAME)";
				SWIFT_EMIT_LOC_STRINGS = NO;
				SWIFT_VERSION = 5.0;
				TARGETED_DEVICE_FAMILY = "1,2";
				TEST_HOST = "$(BUILT_PRODUCTS_DIR)/I Am a Developer.app/$(BUNDLE_EXECUTABLE_FOLDER_PATH)/I Am a Developer";
			};
			name = Release;
		};
		FC1889D9299E449E00DC09BD /* Debug */ = {
			isa = XCBuildConfiguration;
			buildSettings = {
				ALWAYS_EMBED_SWIFT_STANDARD_LIBRARIES = YES;
				CODE_SIGN_STYLE = Automatic;
				CURRENT_PROJECT_VERSION = 1;
				DEVELOPMENT_TEAM = WP2352X85G;
				GENERATE_INFOPLIST_FILE = YES;
				MARKETING_VERSION = 1.0;
				PRODUCT_BUNDLE_IDENTIFIER = "com.colciv.I-Am-a-DeveloperUITests";
				PRODUCT_NAME = "$(TARGET_NAME)";
				SWIFT_EMIT_LOC_STRINGS = NO;
				SWIFT_VERSION = 5.0;
				TARGETED_DEVICE_FAMILY = "1,2";
				TEST_TARGET_NAME = "I Am a Developer";
			};
			name = Debug;
		};
		FC1889DA299E449E00DC09BD /* Release */ = {
			isa = XCBuildConfiguration;
			buildSettings = {
				ALWAYS_EMBED_SWIFT_STANDARD_LIBRARIES = YES;
				CODE_SIGN_STYLE = Automatic;
				CURRENT_PROJECT_VERSION = 1;
				DEVELOPMENT_TEAM = WP2352X85G;
				GENERATE_INFOPLIST_FILE = YES;
				MARKETING_VERSION = 1.0;
				PRODUCT_BUNDLE_IDENTIFIER = "com.colciv.I-Am-a-DeveloperUITests";
				PRODUCT_NAME = "$(TARGET_NAME)";
				SWIFT_EMIT_LOC_STRINGS = NO;
				SWIFT_VERSION = 5.0;
				TARGETED_DEVICE_FAMILY = "1,2";
				TEST_TARGET_NAME = "I Am a Developer";
			};
			name = Release;
		};
/* End XCBuildConfiguration section */

/* Begin XCConfigurationList section */
		FC1889A3299E449D00DC09BD /* Build configuration list for PBXProject "I Am a Developer" */ = {
			isa = XCConfigurationList;
			buildConfigurations = (
				FC1889D0299E449E00DC09BD /* Debug */,
				FC1889D1299E449E00DC09BD /* Release */,
			);
			defaultConfigurationIsVisible = 0;
			defaultConfigurationName = Release;
		};
		FC1889D2299E449E00DC09BD /* Build configuration list for PBXNativeTarget "I Am a Developer" */ = {
			isa = XCConfigurationList;
			buildConfigurations = (
				FC1889D3299E449E00DC09BD /* Debug */,
				FC1889D4299E449E00DC09BD /* Release */,
			);
			defaultConfigurationIsVisible = 0;
			defaultConfigurationName = Release;
		};
		FC1889D5299E449E00DC09BD /* Build configuration list for PBXNativeTarget "I Am a DeveloperTests" */ = {
			isa = XCConfigurationList;
			buildConfigurations = (
				FC1889D6299E449E00DC09BD /* Debug */,
				FC1889D7299E449E00DC09BD /* Release */,
			);
			defaultConfigurationIsVisible = 0;
			defaultConfigurationName = Release;
		};
		FC1889D8299E449E00DC09BD /* Build configuration list for PBXNativeTarget "I Am a DeveloperUITests" */ = {
			isa = XCConfigurationList;
			buildConfigurations = (
				FC1889D9299E449E00DC09BD /* Debug */,
				FC1889DA299E449E00DC09BD /* Release */,
			);
			defaultConfigurationIsVisible = 0;
			defaultConfigurationName = Release;
		};
/* End XCConfigurationList section */
	};
	rootObject = FC1889A0299E449D00DC09BD /* Project object */;
}
